# This file is autogenerated, do not edit; changes may be undone by the next 'dep ensure'.


[[projects]]
  branch = "master"
  name = "github.com/EricYT/go-examples"
  packages = ["utils/wait"]
  revision = "066e8859b2c0f99ca5b6844c6f7b600bdb60e8f4"

[[projects]]
  branch = "master"
  name = "github.com/beorn7/perks"
  packages = ["quantile"]
  revision = "3a771d992973f24aa725d07868b467d1ddfceafb"

[[projects]]
  name = "github.com/coreos/go-systemd"
  packages = ["journal"]
  revision = "39ca1b05acc7ad1220e09f133283b8859a8b71ab"
  version = "v17"

[[projects]]
  name = "github.com/coreos/pkg"
  packages = ["capnslog"]
  revision = "97fdf19511ea361ae1c100dd393cc47f8dcfa1e1"
  version = "v4"

[[projects]]
  name = "github.com/dustin/go-humanize"
  packages = ["."]
  revision = "9f541cc9db5d55bce703bd99987c9d5cb8eea45e"
  version = "v1.0.0"

[[projects]]
  name = "github.com/gogo/protobuf"
  packages = [
    "gogoproto",
    "proto",
    "protoc-gen-gogo/descriptor"
  ]
  revision = "636bf0302bc95575d69441b25a2603156ffdddf1"
  version = "v1.1.1"

[[projects]]
  name = "github.com/golang/protobuf"
  packages = [
    "proto",
    "ptypes",
    "ptypes/any",
    "ptypes/duration",
    "ptypes/timestamp"
  ]
  revision = "aa810b61a9c79d51363740d207bb46cf8e620ed5"
  version = "v1.2.0"

[[projects]]
  name = "github.com/matttproud/golang_protobuf_extensions"
  packages = ["pbutil"]
  revision = "c12348ce28de40eed0136aa2b644d0ee0650e56c"
  version = "v1.0.1"

[[projects]]
  name = "github.com/pkg/errors"
  packages = ["."]
  revision = "645ef00459ed84a119197bfb8d8205042c6df63d"
  version = "v0.8.0"

[[projects]]
  name = "github.com/prometheus/client_golang"
  packages = [
    "prometheus",
    "prometheus/internal"
  ]
  revision = "1cafe34db7fdec6022e17e00e1c1ea501022f3e4"
  version = "v0.9.0"

[[projects]]
  branch = "master"
  name = "github.com/prometheus/client_model"
  packages = ["go"]
  revision = "5c3871d89910bfb32f5fcab2aa4b9ec68e65a99f"

[[projects]]
  branch = "master"
  name = "github.com/prometheus/common"
  packages = [
    "expfmt",
    "internal/bitbucket.org/ww/goautoneg",
    "model"
  ]
  revision = "7e9e6cabbd393fc208072eedef99188d0ce788b6"

[[projects]]
  branch = "master"
  name = "github.com/prometheus/procfs"
  packages = [
    ".",
    "internal/util",
    "nfs",
    "xfs"
  ]
  revision = "185b4288413d2a0dd0806f78c90dde719829e5ae"

[[projects]]
  branch = "master"
  name = "go.etcd.io/etcd"
  packages = [
    "etcdserver/api/snap",
    "etcdserver/api/snap/snappb",
    "pkg/contention",
    "pkg/crc",
    "pkg/fileutil",
    "pkg/ioutil",
    "pkg/pbutil",
    "pkg/types",
    "raft",
    "raft/raftpb",
    "wal",
    "wal/walpb"
  ]
  revision = "8c80efb886ec798645c1aebf07689a8a733e663b"

[[projects]]
  name = "go.uber.org/atomic"
  packages = ["."]
  revision = "4e336646b2ef9fc6e47be8e21594178f98e5ebcf"
  version = "v1.2.0"

[[projects]]
  name = "go.uber.org/multierr"
  packages = ["."]
  revision = "3c4937480c32f4c13a875a1829af76c98ca3d40a"
  version = "v1.1.0"

[[projects]]
  name = "go.uber.org/zap"
  packages = [
    ".",
    "buffer",
    "internal/bufferpool",
    "internal/color",
    "internal/exit",
    "zapcore"
  ]
  revision = "ff33455a0e382e8a81d14dd7c922020b6b5e7982"
  version = "v1.9.1"

[[projects]]
  branch = "master"
  name = "golang.org/x/net"
  packages = [
    "context",
    "http/httpguts",
    "http2",
    "http2/hpack",
    "idna",
    "internal/timeseries",
    "trace"
  ]
  revision = "04a2e542c03f1d053ab3e4d6e5abcd4b66e2be8e"

[[projects]]
  branch = "master"
  name = "golang.org/x/sys"
  packages = ["unix"]
  revision = "eda9bb28ed513021f3e6a2a361031adc3d8a6301"

[[projects]]
  name = "golang.org/x/text"
  packages = [
    "collate",
    "collate/build",
    "internal/colltab",
    "internal/gen",
    "internal/tag",
    "internal/triegen",
    "internal/ucd",
    "language",
    "secure/bidirule",
    "transform",
    "unicode/bidi",
    "unicode/cldr",
    "unicode/norm",
    "unicode/rangetable"
  ]
  revision = "f21a4dfb5e38f5895301dc265a8def02365cc3d0"
  version = "v0.3.0"

[[projects]]
  branch = "master"
  name = "google.golang.org/genproto"
  packages = ["googleapis/rpc/status"]
  revision = "94acd270e44e65579b9ee3cdab25034d33fed608"

[[projects]]
  name = "google.golang.org/grpc"
  packages = [
    ".",
    "balancer",
    "balancer/base",
    "balancer/roundrobin",
    "codes",
    "connectivity",
    "credentials",
    "encoding",
    "encoding/proto",
    "grpclog",
    "internal",
    "internal/backoff",
    "internal/channelz",
    "internal/envconfig",
    "internal/grpcrand",
    "internal/transport",
    "keepalive",
    "metadata",
    "naming",
    "peer",
    "resolver",
    "resolver/dns",
    "resolver/passthrough",
    "stats",
    "status",
    "tap"
  ]
  revision = "8dea3dc473e90c8179e519d91302d0597c0ca1d1"
  version = "v1.15.0"

[solve-meta]
  analyzer-name = "dep"
  analyzer-version = 1
  inputs-digest = "fe15260a49cd687990f70258328e90f615f2ab21c2e7b7559214c1005ebdecf1"
  solver-name = "gps-cdcl"
  solver-version = 1
